
Microsoft Visual Studio Solution File, Format Version 12.00
# Visual Studio 2013
VisualStudioVersion = 12.0.40629.0
MinimumVisualStudioVersion = 10.0.40219.1
Project("{FAE04EC0-301F-11D3-BF4B-00C04F79EFBC}") = "Lab11-Dykes", "Lab11-Dykes\Lab11-Dykes.csproj", "{8813971A-13E0-46D8-A2FC-263B3BF0500A}"
EndProject
Global
	GlobalSection(SolutionConfigurationPlatforms) = preSolution
		Debug|Any CPU = Debug|Any CPU
		Release|Any CPU = Release|Any CPU
	EndGlobalSection
	GlobalSection(ProjectConfigurationPlatforms) = postSolution
		{8813971A-13E0-46D8-A2FC-263B3BF0500A}.Debug|Any CPU.ActiveCfg = Debug|Any CPU
		{8813971A-13E0-46D8-A2FC-263B3BF0500A}.Debug|Any CPU.Build.0 = Debug|Any CPU
		{8813971A-13E0-46D8-A2FC-263B3BF0500A}.Release|Any CPU.ActiveCfg = Release|Any CPU
		{8813971A-13E0-46D8-A2FC-263B3BF0500A}.Release|Any CPU.Build.0 = Release|Any CPU
	EndGlobalSection
	GlobalSection(SolutionProperties) = preSolution
		HideSolutionNode = FALSE
	EndGlobalSection
EndGlobal
