
Microsoft Visual Studio Solution File, Format Version 12.00
# Visual Studio 2013
VisualStudioVersion = 12.0.40629.0
MinimumVisualStudioVersion = 10.0.40219.1
Project("{888888A0-9F3D-457C-B088-3A5042F75D52}") = "PyDrill_gui_34_vs", "PyDrill_gui_34_vs\PyDrill_gui_34_vs.pyproj", "{2EB1187F-2E7C-4DB6-91C9-60D558125037}"
EndProject
Global
	GlobalSection(SolutionConfigurationPlatforms) = preSolution
		Debug|Any CPU = Debug|Any CPU
		Release|Any CPU = Release|Any CPU
	EndGlobalSection
	GlobalSection(ProjectConfigurationPlatforms) = postSolution
		{2EB1187F-2E7C-4DB6-91C9-60D558125037}.Debug|Any CPU.ActiveCfg = Debug|Any CPU
		{2EB1187F-2E7C-4DB6-91C9-60D558125037}.Release|Any CPU.ActiveCfg = Release|Any CPU
	EndGlobalSection
	GlobalSection(SolutionProperties) = preSolution
		HideSolutionNode = FALSE
	EndGlobalSection
EndGlobal
